
Microsoft Visual Studio Solution File, Format Version 12.00
# Visual Studio 15
VisualStudioVersion = 15.0.26124.0
MinimumVisualStudioVersion = 15.0.26124.0
Project("{FAE04EC0-301F-11D3-BF4B-00C04F79EFBC}") = "frontend", "frontend\frontend.csproj", "{ADB90CCA-5652-4B46-864D-F28DE96694AD}"
EndProject
Project("{FAE04EC0-301F-11D3-BF4B-00C04F79EFBC}") = "backend", "backend\backend.csproj", "{DF2F5785-3AA0-45D2-92DD-FB9ED9D3D380}"
EndProject
Global
	GlobalSection(SolutionConfigurationPlatforms) = preSolution
		Debug|Any CPU = Debug|Any CPU
		Debug|x64 = Debug|x64
		Debug|x86 = Debug|x86
		Release|Any CPU = Release|Any CPU
		Release|x64 = Release|x64
		Release|x86 = Release|x86
	EndGlobalSection
	GlobalSection(SolutionProperties) = preSolution
		HideSolutionNode = FALSE
	EndGlobalSection
	GlobalSection(ProjectConfigurationPlatforms) = postSolution
		{ADB90CCA-5652-4B46-864D-F28DE96694AD}.Debug|Any CPU.ActiveCfg = Debug|Any CPU
		{ADB90CCA-5652-4B46-864D-F28DE96694AD}.Debug|Any CPU.Build.0 = Debug|Any CPU
		{ADB90CCA-5652-4B46-864D-F28DE96694AD}.Debug|x64.ActiveCfg = Debug|Any CPU
		{ADB90CCA-5652-4B46-864D-F28DE96694AD}.Debug|x64.Build.0 = Debug|Any CPU
		{ADB90CCA-5652-4B46-864D-F28DE96694AD}.Debug|x86.ActiveCfg = Debug|Any CPU
		{ADB90CCA-5652-4B46-864D-F28DE96694AD}.Debug|x86.Build.0 = Debug|Any CPU
		{ADB90CCA-5652-4B46-864D-F28DE96694AD}.Release|Any CPU.ActiveCfg = Release|Any CPU
		{ADB90CCA-5652-4B46-864D-F28DE96694AD}.Release|Any CPU.Build.0 = Release|Any CPU
		{ADB90CCA-5652-4B46-864D-F28DE96694AD}.Release|x64.ActiveCfg = Release|Any CPU
		{ADB90CCA-5652-4B46-864D-F28DE96694AD}.Release|x64.Build.0 = Release|Any CPU
		{ADB90CCA-5652-4B46-864D-F28DE96694AD}.Release|x86.ActiveCfg = Release|Any CPU
		{ADB90CCA-5652-4B46-864D-F28DE96694AD}.Release|x86.Build.0 = Release|Any CPU
		{DF2F5785-3AA0-45D2-92DD-FB9ED9D3D380}.Debug|Any CPU.ActiveCfg = Debug|Any CPU
		{DF2F5785-3AA0-45D2-92DD-FB9ED9D3D380}.Debug|Any CPU.Build.0 = Debug|Any CPU
		{DF2F5785-3AA0-45D2-92DD-FB9ED9D3D380}.Debug|x64.ActiveCfg = Debug|Any CPU
		{DF2F5785-3AA0-45D2-92DD-FB9ED9D3D380}.Debug|x64.Build.0 = Debug|Any CPU
		{DF2F5785-3AA0-45D2-92DD-FB9ED9D3D380}.Debug|x86.ActiveCfg = Debug|Any CPU
		{DF2F5785-3AA0-45D2-92DD-FB9ED9D3D380}.Debug|x86.Build.0 = Debug|Any CPU
		{DF2F5785-3AA0-45D2-92DD-FB9ED9D3D380}.Release|Any CPU.ActiveCfg = Release|Any CPU
		{DF2F5785-3AA0-45D2-92DD-FB9ED9D3D380}.Release|Any CPU.Build.0 = Release|Any CPU
		{DF2F5785-3AA0-45D2-92DD-FB9ED9D3D380}.Release|x64.ActiveCfg = Release|Any CPU
		{DF2F5785-3AA0-45D2-92DD-FB9ED9D3D380}.Release|x64.Build.0 = Release|Any CPU
		{DF2F5785-3AA0-45D2-92DD-FB9ED9D3D380}.Release|x86.ActiveCfg = Release|Any CPU
		{DF2F5785-3AA0-45D2-92DD-FB9ED9D3D380}.Release|x86.Build.0 = Release|Any CPU
	EndGlobalSection
EndGlobal
